
Microsoft Visual Studio Solution File, Format Version 12.00
# Visual Studio Version 17
VisualStudioVersion = 17.4.33213.308
MinimumVisualStudioVersion = 10.0.40219.1
Project("{FAE04EC0-301F-11D3-BF4B-00C04F79EFBC}") = "Project7", "Project7\Project7.csproj", "{914BF3D2-353E-4B8D-BB92-3C385FC27027}"
EndProject
Global
	GlobalSection(SolutionConfigurationPlatforms) = preSolution
		Debug|Any CPU = Debug|Any CPU
		Release|Any CPU = Release|Any CPU
	EndGlobalSection
	GlobalSection(ProjectConfigurationPlatforms) = postSolution
		{914BF3D2-353E-4B8D-BB92-3C385FC27027}.Debug|Any CPU.ActiveCfg = Debug|Any CPU
		{914BF3D2-353E-4B8D-BB92-3C385FC27027}.Debug|Any CPU.Build.0 = Debug|Any CPU
		{914BF3D2-353E-4B8D-BB92-3C385FC27027}.Release|Any CPU.ActiveCfg = Release|Any CPU
		{914BF3D2-353E-4B8D-BB92-3C385FC27027}.Release|Any CPU.Build.0 = Release|Any CPU
	EndGlobalSection
	GlobalSection(SolutionProperties) = preSolution
		HideSolutionNode = FALSE
	EndGlobalSection
	GlobalSection(ExtensibilityGlobals) = postSolution
		SolutionGuid = {6407BA1D-BE3A-4211-82F0-A987BA5BA244}
	EndGlobalSection
EndGlobal
